
Microsoft Visual Studio Solution File, Format Version 12.00
# Visual Studio 15
VisualStudioVersion = 15.0.26124.0
MinimumVisualStudioVersion = 15.0.26124.0
Project("{2150E333-8FDC-42A3-9474-1A3956D46DE8}") = "tests", "tests", "{46EA8315-D6CB-4B7F-9F78-15F1762B91AA}"
EndProject
Project("{FAE04EC0-301F-11D3-BF4B-00C04F79EFBC}") = "FinancialOrganizerTests", "tests\FinancialOrganizerTests\FinancialOrganizerTests.csproj", "{72AE7B9A-663E-4D5D-8848-78E08149DF03}"
EndProject
Project("{2150E333-8FDC-42A3-9474-1A3956D46DE8}") = "src", "src", "{42E617FD-E9D8-4E3F-AAE1-27603B9BB75B}"
EndProject
Project("{FAE04EC0-301F-11D3-BF4B-00C04F79EFBC}") = "FinancialOrganizer", "src\FinancialOrganizer\FinancialOrganizer.csproj", "{1AE100F5-A838-499A-A7F7-CD88E747C28E}"
EndProject
Global
	GlobalSection(SolutionConfigurationPlatforms) = preSolution
		Debug|Any CPU = Debug|Any CPU
		Debug|x64 = Debug|x64
		Debug|x86 = Debug|x86
		Release|Any CPU = Release|Any CPU
		Release|x64 = Release|x64
		Release|x86 = Release|x86
	EndGlobalSection
	GlobalSection(SolutionProperties) = preSolution
		HideSolutionNode = FALSE
	EndGlobalSection
	GlobalSection(ProjectConfigurationPlatforms) = postSolution
		{72AE7B9A-663E-4D5D-8848-78E08149DF03}.Debug|Any CPU.ActiveCfg = Debug|Any CPU
		{72AE7B9A-663E-4D5D-8848-78E08149DF03}.Debug|Any CPU.Build.0 = Debug|Any CPU
		{72AE7B9A-663E-4D5D-8848-78E08149DF03}.Debug|x64.ActiveCfg = Debug|Any CPU
		{72AE7B9A-663E-4D5D-8848-78E08149DF03}.Debug|x64.Build.0 = Debug|Any CPU
		{72AE7B9A-663E-4D5D-8848-78E08149DF03}.Debug|x86.ActiveCfg = Debug|Any CPU
		{72AE7B9A-663E-4D5D-8848-78E08149DF03}.Debug|x86.Build.0 = Debug|Any CPU
		{72AE7B9A-663E-4D5D-8848-78E08149DF03}.Release|Any CPU.ActiveCfg = Release|Any CPU
		{72AE7B9A-663E-4D5D-8848-78E08149DF03}.Release|Any CPU.Build.0 = Release|Any CPU
		{72AE7B9A-663E-4D5D-8848-78E08149DF03}.Release|x64.ActiveCfg = Release|Any CPU
		{72AE7B9A-663E-4D5D-8848-78E08149DF03}.Release|x64.Build.0 = Release|Any CPU
		{72AE7B9A-663E-4D5D-8848-78E08149DF03}.Release|x86.ActiveCfg = Release|Any CPU
		{72AE7B9A-663E-4D5D-8848-78E08149DF03}.Release|x86.Build.0 = Release|Any CPU
		{1AE100F5-A838-499A-A7F7-CD88E747C28E}.Debug|Any CPU.ActiveCfg = Debug|Any CPU
		{1AE100F5-A838-499A-A7F7-CD88E747C28E}.Debug|Any CPU.Build.0 = Debug|Any CPU
		{1AE100F5-A838-499A-A7F7-CD88E747C28E}.Debug|x64.ActiveCfg = Debug|Any CPU
		{1AE100F5-A838-499A-A7F7-CD88E747C28E}.Debug|x64.Build.0 = Debug|Any CPU
		{1AE100F5-A838-499A-A7F7-CD88E747C28E}.Debug|x86.ActiveCfg = Debug|Any CPU
		{1AE100F5-A838-499A-A7F7-CD88E747C28E}.Debug|x86.Build.0 = Debug|Any CPU
		{1AE100F5-A838-499A-A7F7-CD88E747C28E}.Release|Any CPU.ActiveCfg = Release|Any CPU
		{1AE100F5-A838-499A-A7F7-CD88E747C28E}.Release|Any CPU.Build.0 = Release|Any CPU
		{1AE100F5-A838-499A-A7F7-CD88E747C28E}.Release|x64.ActiveCfg = Release|Any CPU
		{1AE100F5-A838-499A-A7F7-CD88E747C28E}.Release|x64.Build.0 = Release|Any CPU
		{1AE100F5-A838-499A-A7F7-CD88E747C28E}.Release|x86.ActiveCfg = Release|Any CPU
		{1AE100F5-A838-499A-A7F7-CD88E747C28E}.Release|x86.Build.0 = Release|Any CPU
	EndGlobalSection
	GlobalSection(NestedProjects) = preSolution
		{72AE7B9A-663E-4D5D-8848-78E08149DF03} = {46EA8315-D6CB-4B7F-9F78-15F1762B91AA}
		{1AE100F5-A838-499A-A7F7-CD88E747C28E} = {42E617FD-E9D8-4E3F-AAE1-27603B9BB75B}
	EndGlobalSection
EndGlobal
